github.com/syndbg/gomodanotherrepo v1.0.0 h1:U3gemvDR3vG2vSl/A5ErUJOnW0sCsNKUCrEMb2WaFMI=
github.com/syndbg/gomodanotherrepo v1.0.0/go.mod h1:JKXaHfszRHwemJxt/eRTthm56poQoLCUKVNmiqPSEvM=
github.com/syndbg/gomodmyrepo/mig v0.0.0-20190423183259-60b1d42d343c h1:yII7o3WWAYzgRhBEB5H42qhMeUo5bVSqPvBz4LmXmWU=
github.com/syndbg/gomodmyrepo/mig v0.0.0-20190423183259-60b1d42d343c/go.mod h1:kc/vbI560FDoJ5Im2JC95Tvw0UDLl9wMRYilExhInz0=
github.com/syndbg/gomodmyrepo/mig v1.0.0 h1:4twRqpzOIfcJXnhPU23pWCTk2lQGxNGkpRZvB6J0M50=
github.com/syndbg/gomodmyrepo/mig v1.0.0/go.mod h1:kc/vbI560FDoJ5Im2JC95Tvw0UDLl9wMRYilExhInz0=
